github.com/BurntSushi/xgb v0.0.0-20160522181843-27f122750802/go.mod h1:IVnqGOEym/WlBOVXweHU+Q+/VP0lqqI8lqeDx9IjBqo=
github.com/OneOfOne/xxhash v1.2.2/go.mod h1:HSdplMjZKSmBqAxg5vPj2TmRDmfkzw+cTzAElWljhcU=
github.com/alecthomas/assert v0.0.0-20170929043011-405dbfeb8e38 h1:smF2tmSOzy2Mm+0dGI2AIUHY+w0BUc+4tn40djz7+6U=
github.com/alecthomas/assert v0.0.0-20170929043011-405dbfeb8e38/go.mod h1:r7bzyVFMNntcxPZXK3/+KdruV1H5KSlyVY0gc+NgInI=
github.com/alecthomas/colour v0.1.0 h1:nOE9rJm6dsZ66RGWYSFrXw461ZIt9A6+nHgL7FRrDUk=
github.com/alecthomas/colour v0.1.0/go.mod h1:QO9JBoKquHd+jz9nshCh40fOfO+JzsoXy8qTHF68zU0=
github.com/alecthomas/repr v0.0.0-20201120212035-bb82daffcca2 h1:G5TeG64Ox4OWq2YwlsxS7nOedU8vbGgNRTRDAjGvDCk=
github.com/alecthomas/repr v0.0.0-20201120212035-bb82daffcca2/go.mod h1:2kn6fqh/zIyPLmm3ugklbEi5hg5wS435eygvNfaDQL8=
github.com/alecthomas/template v0.0.0-20190718012654-fb15b899a751 h1:JYp7IbQjafoB+tBA3gMyHYHrpOtNuDiK/uB5uXxq5wM=
github.com/alecthomas/template v0.0.0-20190718012654-fb15b899a751/go.mod h1:LOuyumcjzFXgccqObfd/Ljyb9UuFJ6TxHnclSeseNhc=
github.com/alecthomas/units v0.0.0-20210208195552-ff826a37aa15 h1:AUNCr9CiJuwrRYS3XieqF+Z9B9gNxo/eANAJCF2eiN4=
github.com/alecthomas/units v0.0.0-20210208195552-ff826a37aa15/go.mod h1:OMCwj8VM1Kc9e19TLln2VL61YJF0x1XFtfdL4JdbSyE=
github.com/cespare/xxhash v1.1.0 h1:a6HrQnmkObjyL+Gs60czilIUGqrzKutQD6XZog3p+ko=
github.com/cespare/xxhash v1.1.0/go.mod h1:XrSqR1VqqWfGrhpAt58auRo0WTKS1nRRg3ghfAqPWnc=
github.com/davecgh/go-spew v1.1.0/go.mod h1:J7Y8YcW2NihsgmVo/mv3lAwl/skON4iLHjSsI+c5H38=
github.com/davecgh/go-spew v1.1.1 h1:vj9j/u1bqnvCEfJOwUhtlOARqs3+rkHYY13jYWTU97c=
github.com/davecgh/go-spew v1.1.1/go.mod h1:J7Y8YcW2NihsgmVo/mv3lAwl/skON4iLHjSsI+c5H38=
github.com/dgrijalva/jwt-go v3.2.1-0.20200107013213-dc14462fd587+incompatible h1:CiQ/hJK0Lsc/2Gm9uMSIe7cFE+h0sbTwHuTGQkIZpio=
github.com/dgrijalva/jwt-go v3.2.1-0.20200107013213-dc14462fd587+incompatible/go.mod h1:E3ru+11k8xSBh+hMPgOLZmtrrCbhqsmaPHjLKYnJCaQ=
github.com/disintegration/imaging v1.6.2 h1:w1LecBlG2Lnp8B3jk5zSuNqd7b4DXhcjwek1ei82L+c=
github.com/disintegration/imaging v1.6.2/go.mod h1:44/5580QXChDfwIclfc/PCwrr44amcmDAg8hxG0Ewe4=
github.com/edsrzf/mmap-go v0.0.0-20170320065105-0bce6a688712 h1:aaQcKT9WumO6JEJcRyTqFVq4XUZiUcKR2/GI31TOcz8=
github.com/edsrzf/mmap-go v0.0.0-20170320065105-0bce6a688712/go.mod h1:YO35OhQPt3KJa3ryjFM5Bs14WD66h8eGKpfaBNrHW5M=
github.com/go-chi/chi v3.3.2-0.20171213202212-f2aed534ddaa+incompatible h1:B5DP49EMFBRbkohTxs7fwPQOk3NLSkRrEFHlnKrPThQ=
github.com/go-chi/chi v3.3.2-0.20171213202212-f2aed534ddaa+incompatible/go.mod h1:eB3wogJHnLi3x/kFX2A+IbTBlXxmMeXJVKy9tTv1XzQ=
github.com/go-chi/render v1.0.1-0.20171231234154-8c8c7a43d054 h1:LqlXS2BLzunnz5/pRGpI3SEk68x2sjHRjtqrobPYicI=
github.com/go-chi/render v1.0.1-0.20171231234154-8c8c7a43d054/go.mod h1:pq4Rr7HbnsdaeHagklXub+p6Wd16Af5l9koip1OvJns=
github.com/gobwas/glob v0.2.3 h1:A4xDbljILXROh+kObIiy5kIaPYD8e96x1tgBhUI5J+Y=
github.com/gobwas/glob v0.2.3/go.mod h1:d3Ez4x06l9bZtSvzIay5+Yzi0fmZzPgnTbPcKjJAkT8=
github.com/gogo/protobuf v1.2.2-0.20190324160722-382325bbbb4d h1:zyVWdAtaLzUUXGRA1yNe7pwKHxDGjjj683BkU96YYQU=
github.com/gogo/protobuf v1.2.2-0.20190324160722-382325bbbb4d/go.mod h1:hp+jE20tsWTFYpLwKvXlhS1hjn+gTNwPg2I6zVXpSg4=
github.com/golang/protobuf v1.3.2-0.20190409050943-e91709a02e0e h1:dp7vsqt9GbeWuOeN1LFzHzvKlx1QfELtGxJ5z1g27KU=
github.com/golang/protobuf v1.3.2-0.20190409050943-e91709a02e0e/go.mod h1:6lQm79b+lXiMfvg/cZm0SGofjICqVBUtrP5yJMmIC1U=
github.com/golang/snappy v0.0.2 h1:aeE13tS0IiQgFjYdoL8qN3K1N2bXXtI6Vi51/y7BpMw=
github.com/golang/snappy v0.0.2/go.mod h1:/XxbfmMg8lxefKM7IXC3fBNl/7bRcc72aCRzEWrmP2Q=
github.com/google/uuid v1.2.0 h1:qJYtXnJRWmpe7m/3XlyhrsLrEURqHRM2kxzoxXqyUDs=
github.com/google/uuid v1.2.0/go.mod h1:TIyPZe4MgqvfeYDBFedMoGGpEw/LqOeaOT+nhxU+yHo=
github.com/gorilla/websocket v1.4.1-0.20180924232612-3130e8d3f198 h1:ftvY6bHKwBJ43WhP0xeDwpRxupeEcE0Qk5x+kY4Rjk0=
github.com/gorilla/websocket v1.4.1-0.20180924232612-3130e8d3f198/go.mod h1:E7qHFY5m1UJ88s3WnNqhKjPHQ0heANvMoAMk2YaljkQ=
github.com/graphql-go/graphql v0.7.9-0.20190403165646-199d20bbfed7 h1:E45QFM7IqRdFnuyFk8GSamb42EckUSyJ55rtVB/w8VQ=
github.com/graphql-go/graphql v0.7.9-0.20190403165646-199d20bbfed7/go.mod h1:k6yrAYQaSP59DC5UVxbgxESlmVyojThKdORUqGDGmrI=
github.com/jamesrr39/go-token v0.0.0-20201029211349-4ca8801e5513 h1:kqqmMBEIc+UIM83040jRCdGdRHeJRRRHwxBFclXArAM=
github.com/jamesrr39/go-token v0.0.0-20201029211349-4ca8801e5513/go.mod h1:af5zi9oknvPtu9MwRMiLilYPyen2O9ftKSIoVehpBD4=
github.com/jamesrr39/goutil v0.0.0-20210223062818-e260f8de9291 h1:bHZaqchWMFfqITkgnl4XDICVDPL07kvxcr6UH5tW4cw=
github.com/jamesrr39/goutil v0.0.0-20210223062818-e260f8de9291/go.mod h1:g59B990MlwW4KoGM0uLnztHM++R/s1ULKQjoOngttwU=
github.com/jamesrr39/semaphore v0.0.0-20180521202200-0d5ddc396086 h1:8SBBBfxXafiAtWOcxe2UvgxYcEV/25oIt7QtHhGFsTA=
github.com/jamesrr39/semaphore v0.0.0-20180521202200-0d5ddc396086/go.mod h1:ydmQe8L14oRitm3xvfptp3pUdRn9C1pTQ2v4aKN5whQ=
github.com/kisielk/errcheck v1.1.0/go.mod h1:EZBBE59ingxPouuu3KfxchcWSUPOHkagtvWXihfKN4Q=
github.com/kisielk/gotool v1.0.0/go.mod h1:XhKaO+MFFWcvkIS/tQcRk01m1F5IRFswLeQ+oQHNcck=
github.com/kortschak/utter v1.0.1 h1:AJVccwLrdrikvkH0aI5JKlzZIORLpfMeGBQ5tHfIXis=
github.com/kortschak/utter v1.0.1/go.mod h1:vSmSjbyrlKjjsL71193LmzBOKgwePk9DH6uFaWHIInc=
github.com/kr/fs v0.1.0/go.mod h1:FFnZGqtBN9Gxj7eW1uZ42v5BccTP0vu6NEaFoC2HwRg=
github.com/kr/pretty v0.1.0 h1:L/CwN0zerZDmRFUapSPitk6f+Q3+0za1rQkzVuMiMFI=
github.com/kr/pretty v0.1.0/go.mod h1:dAy3ld7l9f0ibDNOQOHHMYYIIbhfbHSm3C4ZsoJORNo=
github.com/kr/pty v1.1.1/go.mod h1:pFQYn66WHrOpPYNljwOMqo10TkYh1fy3cYio2l3bCsQ=
github.com/kr/text v0.1.0 h1:45sCR5RtlFHMR4UwH9sdQ5TC8v0qDQCHnXt+kaKSTVE=
github.com/kr/text v0.1.0/go.mod h1:4Jbv+DJW3UT/LiOwJeYQe1efqtUx/iVham/4vfdArNI=
github.com/mattn/go-isatty v0.0.12 h1:wuysRhFDzyxgEmMf5xjvJ2M9dZoWAXNNr5LSBS7uHXY=
github.com/mattn/go-isatty v0.0.12/go.mod h1:cbi8OIDigv2wuxKPP5vlRcQ1OAZbq2CE4Kysco4FUpU=
github.com/pkg/errors v0.8.1/go.mod h1:bwawxfHBFNV+L2hUp1rHADufV3IMtnDRdf1r5NINEl0=
github.com/pkg/sftp v1.10.1/go.mod h1:lYOWFsE0bwd1+KfKJaKeuokY15vzFx25BLbzYYoAxZI=
github.com/pmezard/go-difflib v1.0.0 h1:4DBwDE0NGyQoBHbLQYPwSUPoCMWR5BEzIk/f1lZbAQM=
github.com/pmezard/go-difflib v1.0.0/go.mod h1:iKH77koFhYxTK1pcRnkKkqfTogsbg7gZNVY4sRDYZ/4=
github.com/remyoudompheng/bigfft v0.0.0-20170806203942-52369c62f446/go.mod h1:uYEyJGbgTkfkS4+E/PavXkNJcbFIpEtjt2B0KDQ5+9M=
github.com/remyoudompheng/bigfft v0.0.0-20190728182440-6a916e37a237/go.mod h1:qqbHyh8v60DhA7CoWK5oRCqLrMHRGoxYCSS9EjAz6Eo=
github.com/remyoudompheng/bigfft v0.0.0-20200410134404-eec4a21b6bb0 h1:OdAsTTz6OkFY5QxjkYwrChwuRruF69c169dPK26NUlk=
github.com/remyoudompheng/bigfft v0.0.0-20200410134404-eec4a21b6bb0/go.mod h1:qqbHyh8v60DhA7CoWK5oRCqLrMHRGoxYCSS9EjAz6Eo=
github.com/rwcarlsen/goexif v0.0.0-20190401172101-9e8deecbddbd h1:CmH9+J6ZSsIjUK3dcGsnCnO41eRBOnY12zwkn5qVwgc=
github.com/rwcarlsen/goexif v0.0.0-20190401172101-9e8deecbddbd/go.mod h1:hPqNNc0+uJM6H+SuU8sEs5K5IQeKccPqeSjfgcKGgPk=
github.com/sergi/go-diff v1.1.0 h1:we8PVUC3FE2uYfodKH/nBHMSetSfHDR6scGdBi+erh0=
github.com/sergi/go-diff v1.1.0/go.mod h1:STckp+ISIX8hZLjrqAeVduY0gWCT9IjLuqbuNXdaHfM=
github.com/spaolacci/murmur3 v0.0.0-20180118202830-f09979ecbc72/go.mod h1:JwIasOWyU6f++ZhiEuf87xNszmSA2myDM2Kzu9HwQUA=
github.com/spf13/afero v1.5.1 h1:VHu76Lk0LSP1x254maIu2bplkWpfBWI+B+6fdoZprcg=
github.com/spf13/afero v1.5.1/go.mod h1:Ai8FlHk4v/PARR026UzYexafAt9roJ7LcLMAmO6Z93I=
github.com/stretchr/objx v0.1.0/go.mod h1:HFkY916IF+rwdDfMAkV7OtwuqBVzrE8GR6GFx+wExME=
github.com/stretchr/testify v1.4.0 h1:2E4SXV/wtOkTonXsotYi4li6zVWxYlZuYNCXe9XRJyk=
github.com/stretchr/testify v1.4.0/go.mod h1:j7eGeouHqKxXV5pUuKE4zz7dFj8WfuZ+81PSLYec5m4=
github.com/tormoder/fit v0.2.1-0.20171211141131-a0651569cd51 h1:9H4sjNaAydEWAkXCLo70igzSigNKnmYtwFSRQpIVYp4=
github.com/tormoder/fit v0.2.1-0.20171211141131-a0651569cd51/go.mod h1:5O0ovMH6919s7/3FtGBrHmb15nCq0VFr47xyQEqgo8s=
gitlab.com/cznic/ebnf2y v1.0.0/go.mod h1:jx14dqOldV2pRvSi8HASTB/k5fkIv2TwjYAp5py0MTs=
gitlab.com/cznic/golex v1.0.0/go.mod h1:vkWdDgqbbThjRHoOLU7yNPgMxaubAkwnvF/4zeG8cvU=
golang.org/x/crypto v0.0.0-20190308221718-c2843e01d9a2/go.mod h1:djNgcEr1/C05ACkg1iLfiJU5Ep61QUkGW8qpdssI0+w=
golang.org/x/crypto v0.0.0-20190820162420-60c769a6c586/go.mod h1:yigFU9vqHzYiE8UmvKecakEJjdnWj3jj499lnFckfCI=
golang.org/x/exp v0.0.0-20181106170214-d68db9428509/go.mod h1:CJ0aWSM057203Lf6IL+f9T1iT9GByDxfZKAQTCR3kQA=
golang.org/x/exp v0.0.0-20190411193353-0480eff6dd7c/go.mod h1:ZjyILWgesfNpC6sMxTJOJm9Kp84zZh5NQWvqDGG3Qr8=
golang.org/x/image v0.0.0-20190227222117-0694c2d4d067/go.mod h1:kZ7UVZpmo3dzQBMxlp+ypCbDeSB+sBbTgSJuh5dn5js=
golang.org/x/image v0.0.0-20191009234506-e7c1f5e7dbb8/go.mod h1:FeLwcggjj3mMvU+oOTbSwawSJRM1uh48EjtB4UJZlP0=
golang.org/x/image v0.0.0-20210220032944-ac19c3e999fb h1:fqpd0EBDzlHRCjiphRR5Zo/RSWWQlWv34418dnEixWk=
golang.org/x/image v0.0.0-20210220032944-ac19c3e999fb/go.mod h1:FeLwcggjj3mMvU+oOTbSwawSJRM1uh48EjtB4UJZlP0=
golang.org/x/mobile v0.0.0-20190312151609-d3739f865fa6/go.mod h1:z+o9i4GpDbdi3rU15maQ/Ox0txvL9dWGYEHz965HBQE=
golang.org/x/net v0.0.0-20190311183353-d8887717615a/go.mod h1:t9HGtf8HONx5eT2rtn7q6eTqICYqUVnKs3thJo3Qplg=
golang.org/x/net v0.0.0-20190404232315-eb5bcb51f2a3 h1:0GoQqolDA55aaLxZyTzK/Y2ePZzZTUrRacwib7cNsYQ=
golang.org/x/net v0.0.0-20190404232315-eb5bcb51f2a3/go.mod h1:t9HGtf8HONx5eT2rtn7q6eTqICYqUVnKs3thJo3Qplg=
golang.org/x/sys v0.0.0-20190215142949-d0b11bdaac8a/go.mod h1:STP8DvDyc/dI5b8T5hshtkjS+E42TnysNCUPdjciGhY=
golang.org/x/sys v0.0.0-20190312061237-fead79001313/go.mod h1:h1NjWce9XRLGQEsW7wpKNCjG9DtNlClVuFLEZdDNbEs=
golang.org/x/sys v0.0.0-20190412213103-97732733099d/go.mod h1:h1NjWce9XRLGQEsW7wpKNCjG9DtNlClVuFLEZdDNbEs=
golang.org/x/sys v0.0.0-20200116001909-b77594299b42/go.mod h1:h1NjWce9XRLGQEsW7wpKNCjG9DtNlClVuFLEZdDNbEs=
golang.org/x/sys v0.0.0-20201007082116-8445cc04cbdf h1:AvBTl0xbF/KtHyvm61X4gSPF7/dKJ/xQqJwKr1Qu9no=
golang.org/x/sys v0.0.0-20201007082116-8445cc04cbdf/go.mod h1:h1NjWce9XRLGQEsW7wpKNCjG9DtNlClVuFLEZdDNbEs=
golang.org/x/text v0.3.0/go.mod h1:NqM8EUOU14njkJ3fqMW+pc6Ldnwhi/IjpwHt7yyuwOQ=
golang.org/x/text v0.3.3/go.mod h1:5Zoc/QRtKVWzQhOtBMvqHzDpF6irO9z98xDceosuGiQ=
golang.org/x/text v0.3.5 h1:i6eZZ+zk0SOf0xgBpEpPD18qWcJda6q1sxt3S0kzyUQ=
golang.org/x/text v0.3.5/go.mod h1:5Zoc/QRtKVWzQhOtBMvqHzDpF6irO9z98xDceosuGiQ=
golang.org/x/tools v0.0.0-20180221164845-07fd8470d635/go.mod h1:n7NCudcB/nEzxVGmLbDWY5pfWTLqBcC2KZ6jyYvM4mQ=
golang.org/x/tools v0.0.0-20180917221912-90fa682c2a6e/go.mod h1:n7NCudcB/nEzxVGmLbDWY5pfWTLqBcC2KZ6jyYvM4mQ=
golang.org/x/tools v0.0.0-20190312151545-0bb0c0a6e846/go.mod h1:LCzVGOaR6xXOjkQ3onu1FJEFr0SW1gC7cKk1uF8kGRs=
gopkg.in/alecthomas/kingpin.v2 v2.2.5 h1:qskSCq465uEvC3oGocwvZNsO3RF3SpLVLumOAhL0bXo=
gopkg.in/alecthomas/kingpin.v2 v2.2.5/go.mod h1:FMv+mEhP44yOT+4EoQTLFTRgOQ1FBLkstjWtayDeSgw=
gopkg.in/check.v1 v0.0.0-20161208181325-20d25e280405/go.mod h1:Co6ibVJAznAaIkqp8huTwlJQCZ016jof/cbN4VW5Yz0=
gopkg.in/check.v1 v1.0.0-20190902080502-41f04d3bba15 h1:YR8cESwS4TdDjEe65xsg0ogRM/Nc3DYOhEAlW+xobZo=
gopkg.in/check.v1 v1.0.0-20190902080502-41f04d3bba15/go.mod h1:Co6ibVJAznAaIkqp8huTwlJQCZ016jof/cbN4VW5Yz0=
gopkg.in/yaml.v2 v2.2.2/go.mod h1:hI93XBmqTisBFMUTm0b8Fm+jr3Dg1NNxqwp+5A1VGuI=
gopkg.in/yaml.v2 v2.2.4 h1:/eiJrUcujPVeJ3xlSWaiNi3uSVmDGBK1pDHUHAnao1I=
gopkg.in/yaml.v2 v2.2.4/go.mod h1:hI93XBmqTisBFMUTm0b8Fm+jr3Dg1NNxqwp+5A1VGuI=
modernc.org/b v1.0.0/go.mod h1:uZWcZfRj1BpYzfN9JTerzlNUnnPsV9O2ZA8JsRcubNg=
modernc.org/b v1.0.1-0.20190401165401-be3cc8a0f789 h1:r6hsI5kmYeW0IkoSMYqbe7xm7uxjXeXh6cg2GPf+HPw=
modernc.org/b v1.0.1-0.20190401165401-be3cc8a0f789/go.mod h1:uZWcZfRj1BpYzfN9JTerzlNUnnPsV9O2ZA8JsRcubNg=
modernc.org/db v1.0.0/go.mod h1:kYD/cO29L/29RM0hXYl4i3+Q5VojL31kTUVpVJDw0s8=
modernc.org/db v1.0.1-0.20181109151724-332b7b29553f h1:KMsEEPb1TNtlkT1HSZIfuoRAeuayKcGNch4cyky0zao=
modernc.org/db v1.0.1-0.20181109151724-332b7b29553f/go.mod h1:ddf1W1aMFVSfs538QrMdyRXzc0+J4osF5nYE+MG05EA=
modernc.org/ebnfutil v1.0.0/go.mod h1:+2n/OnQXoild9pzrPa/2wmVtR+ufWjB/0fYkc0BV9sc=
modernc.org/file v1.0.0/go.mod h1:uqEokAEn1u6e+J45e54dsEA/pw4o7zLrA2GwyntZzjw=
modernc.org/file v1.0.1-0.20181109151724-939bb01b4fd0 h1:rQoXPFhmxYlAEsGJoVg3vwu/aLoohl4+2UOoTv9cSqI=
modernc.org/file v1.0.1-0.20181109151724-939bb01b4fd0/go.mod h1:kBXVmu/FSGsUS5kHtEXiekBdi1JJwuGGqT7TMtrWCiI=
modernc.org/fileutil v1.0.0/go.mod h1:JHsWpkrk/CnVV1H/eGlFf85BEpfkrp56ro8nojIq9Q8=
modernc.org/fileutil v1.0.1-0.20200808163328-2079183a536e h1:ai+fHSADw56DLr07J+v5m9NmVLYAZVJQeQAL+PzXOL8=
modernc.org/fileutil v1.0.1-0.20200808163328-2079183a536e/go.mod h1:JHsWpkrk/CnVV1H/eGlFf85BEpfkrp56ro8nojIq9Q8=
modernc.org/golex v1.0.0/go.mod h1:b/QX9oBD/LhixY6NDh+IdGv17hgB+51fET1i2kPSmvk=
modernc.org/golex v1.0.1 h1:EYKY1a3wStt0RzHaH8mdSRNg78Ub0OHxYfCRWw35YtM=
modernc.org/golex v1.0.1/go.mod h1:QCA53QtsT1NdGkaZZkF5ezFwk4IXh4BGNafAARTC254=
modernc.org/internal v1.0.0/go.mod h1:VUD/+JAkhCpvkUitlEOnhpVxCgsBI90oTzSCRcqQVSM=
modernc.org/internal v1.0.1-0.20181109151725-f27eaba8611e h1:0QV7o3SnztRoRRAsH7QY4Ay7jQTHEyDH930XDqU7LY4=
modernc.org/internal v1.0.1-0.20181109151725-f27eaba8611e/go.mod h1:VUD/+JAkhCpvkUitlEOnhpVxCgsBI90oTzSCRcqQVSM=
modernc.org/lex v1.0.0/go.mod h1:G6rxMTy3cH2iA0iXL/HRRv4Znu8MK4higxph/lE7ypk=
modernc.org/lexer v1.0.0/go.mod h1:F/Dld0YKYdZCLQ7bD0USbWL4YKCyTDRDHiDTOs0q0vk=
modernc.org/lldb v1.0.0/go.mod h1:jcRvJGWfCGodDZz8BPwiKMJxGJngQ/5DrRapkQnLob8=
modernc.org/lldb v1.0.1-0.20181109151725-d4ab1856f09f h1:P/Zi8tR63m7IdHcDDAZDCRVdAUgKA/JFxYdnlkh5uNw=
modernc.org/lldb v1.0.1-0.20181109151725-d4ab1856f09f/go.mod h1:k/JJPd7oyroSilFcoj4RA9Wb55FTgXm/qvDqX8Q5WJs=
modernc.org/mathutil v1.0.0/go.mod h1:wU0vUrJsVWBZ4P6e7xtFJEhFSNsfRLJ8H458uRjg03k=
modernc.org/mathutil v1.1.1 h1:FeylZSVX8S+58VsyJlkEj2bcpdytmp9MmDKZkKx8OIE=
modernc.org/mathutil v1.1.1/go.mod h1:mZW8CKdRPY1v87qxC/wUdX5O1qDzXMP5TH3wjfpga6E=
modernc.org/ql v1.1.1-0.20200523181648-a6c6bf37e1d1 h1:KiHh8OTraodZaTU3Jr/fPMIA/ftE40wzZvSpKMbDPO8=
modernc.org/ql v1.1.1-0.20200523181648-a6c6bf37e1d1/go.mod h1:Fj1ylcVyzcu/fgWZTrvBO9j/aEUg/ixLFnGtmzh7quI=
modernc.org/sortutil v1.0.0/go.mod h1:1QO0q8IlIlmjBIwm6t/7sof874+xCfZouyqZMLIAtxM=
modernc.org/sortutil v1.1.1-0.20191024121012-7bd505ba246f h1:wx7JB4j0A+Z7XoOSXUbOp4QmSdTyvHlrSKP/73f/p20=
modernc.org/sortutil v1.1.1-0.20191024121012-7bd505ba246f/go.mod h1:ZyL98OQHJgH9IEfN71VsamvJgrtRX9Dj2gX+vH86L1k=
modernc.org/strutil v1.0.0/go.mod h1:lstksw84oURvj9y3tn8lGvRxyRC1S2+g5uuIzNfIOBs=
modernc.org/strutil v1.1.0 h1:+1/yCzZxY2pZwwrsbH+4T7BQMoLQ9QiBshRC9eicYsc=
modernc.org/strutil v1.1.0/go.mod h1:lstksw84oURvj9y3tn8lGvRxyRC1S2+g5uuIzNfIOBs=
modernc.org/zappy v1.0.0/go.mod h1:hHe+oGahLVII/aTTyWK/b53VDHMAGCBYYeZ9sn83HC4=
modernc.org/zappy v1.0.1-0.20181109151725-1b49851a3c17 h1:GvBwWNNMC1iFXL9KyQrQwcK76WAlmU3Nna1YLn3l++I=
modernc.org/zappy v1.0.1-0.20181109151725-1b49851a3c17/go.mod h1:TUJdcqV2qGMlsrJ2hJOZcMrJtWmw81of3WdH/6wWs7w=
